
Microsoft Visual Studio Solution File, Format Version 12.00
# Visual Studio Version 17
VisualStudioVersion = 17.14.36518.9 d17.14
MinimumVisualStudioVersion = 10.0.40219.1
Project("{8BC9CEB8-8B4A-11D0-8D11-00A0C91BC942}") = "Task1", "Task1\Task1.vcxproj", "{67141E83-895C-40BB-B380-7C66C233E305}"
EndProject
Project("{8BC9CEB8-8B4A-11D0-8D11-00A0C91BC942}") = "Task2", "Task2\Task2.vcxproj", "{2D6883DE-1AE1-4476-A0E1-D8099B8B7589}"
EndProject
Project("{8BC9CEB8-8B4A-11D0-8D11-00A0C91BC942}") = "Task3", "Task3\Task3.vcxproj", "{8111B0F6-4D35-4695-9E2A-7679C2906EA5}"
EndProject
Project("{8BC9CEB8-8B4A-11D0-8D11-00A0C91BC942}") = "Task4", "Task4\Task4.vcxproj", "{08711190-39F3-45B1-8D7A-8A38F9569734}"
EndProject
Project("{8BC9CEB8-8B4A-11D0-8D11-00A0C91BC942}") = "Task5", "Task5\Task5.vcxproj", "{01672185-122E-41E0-A2CD-85F4433F77F3}"
EndProject
Project("{8BC9CEB8-8B4A-11D0-8D11-00A0C91BC942}") = "Task6", "Task6\Task6.vcxproj", "{2467B482-689D-4346-9DDF-B3F6392E7D11}"
EndProject
Project("{8BC9CEB8-8B4A-11D0-8D11-00A0C91BC942}") = "Task7", "Task7\Task7.vcxproj", "{5FD3435E-93C7-4832-82DC-3DDD96745EE1}"
EndProject
Project("{8BC9CEB8-8B4A-11D0-8D11-00A0C91BC942}") = "Task8", "Task8\Task8.vcxproj", "{3E238531-4D3A-4301-9741-61756446C1A5}"
EndProject
Project("{8BC9CEB8-8B4A-11D0-8D11-00A0C91BC942}") = "Task9", "Task9\Task9.vcxproj", "{7CC543F7-18BE-44AD-B8A3-EC0975088758}"
EndProject
Project("{8BC9CEB8-8B4A-11D0-8D11-00A0C91BC942}") = "Task10", "Task10\Task10.vcxproj", "{85070310-F3D2-4F1C-AF82-69CB12CCF431}"
EndProject
Project("{8BC9CEB8-8B4A-11D0-8D11-00A0C91BC942}") = "Task11", "Task11\Task11.vcxproj", "{163CD0B0-BAC2-46B7-A63B-3FA55438C3EA}"
EndProject
Project("{8BC9CEB8-8B4A-11D0-8D11-00A0C91BC942}") = "Task12", "Task12\Task12.vcxproj", "{940DDCF5-184C-446A-A4BE-ED09C8BE91BB}"
EndProject
Project("{8BC9CEB8-8B4A-11D0-8D11-00A0C91BC942}") = "Task13", "Task13\Task13.vcxproj", "{908DF88A-7EF9-4AEF-A1C6-73150193CFCC}"
EndProject
Project("{8BC9CEB8-8B4A-11D0-8D11-00A0C91BC942}") = "Task14", "Task14\Task14.vcxproj", "{8577C0ED-CA2A-4FB8-8708-466EEA2D3CE2}"
EndProject
Project("{8BC9CEB8-8B4A-11D0-8D11-00A0C91BC942}") = "Task15", "Task15\Task15.vcxproj", "{61F5B4AA-C596-4839-BFA7-B64193889530}"
EndProject
Project("{8BC9CEB8-8B4A-11D0-8D11-00A0C91BC942}") = "Task16", "Task16\Task16.vcxproj", "{71C57CA1-10F2-4A14-A9C2-9CA5C9DE6C2A}"
EndProject
Project("{8BC9CEB8-8B4A-11D0-8D11-00A0C91BC942}") = "Task17", "Task17\Task17.vcxproj", "{3F0BA827-6AEB-4AA2-95FA-86D46626C69D}"
EndProject
Project("{8BC9CEB8-8B4A-11D0-8D11-00A0C91BC942}") = "Task18", "Task18\Task18.vcxproj", "{D00CE4AF-F9E7-4424-BD61-45BAA0C45054}"
EndProject
Project("{8BC9CEB8-8B4A-11D0-8D11-00A0C91BC942}") = "Task19", "Task19\Task19.vcxproj", "{004443AA-3388-4421-96AC-735BF72999C4}"
EndProject
Project("{8BC9CEB8-8B4A-11D0-8D11-00A0C91BC942}") = "Task20", "Task20\Task20.vcxproj", "{E6B9A033-9073-47DF-92AF-0A68188395A3}"
EndProject
Project("{8BC9CEB8-8B4A-11D0-8D11-00A0C91BC942}") = "Task21", "Task21\Task21.vcxproj", "{42162E34-5ED0-4A54-B0BC-C0892FE998F4}"
EndProject
Global
	GlobalSection(SolutionConfigurationPlatforms) = preSolution
		Debug|x64 = Debug|x64
		Debug|x86 = Debug|x86
		Release|x64 = Release|x64
		Release|x86 = Release|x86
	EndGlobalSection
	GlobalSection(ProjectConfigurationPlatforms) = postSolution
		{67141E83-895C-40BB-B380-7C66C233E305}.Debug|x64.ActiveCfg = Debug|x64
		{67141E83-895C-40BB-B380-7C66C233E305}.Debug|x64.Build.0 = Debug|x64
		{67141E83-895C-40BB-B380-7C66C233E305}.Debug|x86.ActiveCfg = Debug|Win32
		{67141E83-895C-40BB-B380-7C66C233E305}.Debug|x86.Build.0 = Debug|Win32
		{67141E83-895C-40BB-B380-7C66C233E305}.Release|x64.ActiveCfg = Release|x64
		{67141E83-895C-40BB-B380-7C66C233E305}.Release|x64.Build.0 = Release|x64
		{67141E83-895C-40BB-B380-7C66C233E305}.Release|x86.ActiveCfg = Release|Win32
		{67141E83-895C-40BB-B380-7C66C233E305}.Release|x86.Build.0 = Release|Win32
		{2D6883DE-1AE1-4476-A0E1-D8099B8B7589}.Debug|x64.ActiveCfg = Debug|x64
		{2D6883DE-1AE1-4476-A0E1-D8099B8B7589}.Debug|x64.Build.0 = Debug|x64
		{2D6883DE-1AE1-4476-A0E1-D8099B8B7589}.Debug|x86.ActiveCfg = Debug|Win32
		{2D6883DE-1AE1-4476-A0E1-D8099B8B7589}.Debug|x86.Build.0 = Debug|Win32
		{2D6883DE-1AE1-4476-A0E1-D8099B8B7589}.Release|x64.ActiveCfg = Release|x64
		{2D6883DE-1AE1-4476-A0E1-D8099B8B7589}.Release|x64.Build.0 = Release|x64
		{2D6883DE-1AE1-4476-A0E1-D8099B8B7589}.Release|x86.ActiveCfg = Release|Win32
		{2D6883DE-1AE1-4476-A0E1-D8099B8B7589}.Release|x86.Build.0 = Release|Win32
		{8111B0F6-4D35-4695-9E2A-7679C2906EA5}.Debug|x64.ActiveCfg = Debug|x64
		{8111B0F6-4D35-4695-9E2A-7679C2906EA5}.Debug|x64.Build.0 = Debug|x64
		{8111B0F6-4D35-4695-9E2A-7679C2906EA5}.Debug|x86.ActiveCfg = Debug|Win32
		{8111B0F6-4D35-4695-9E2A-7679C2906EA5}.Debug|x86.Build.0 = Debug|Win32
		{8111B0F6-4D35-4695-9E2A-7679C2906EA5}.Release|x64.ActiveCfg = Release|x64
		{8111B0F6-4D35-4695-9E2A-7679C2906EA5}.Release|x64.Build.0 = Release|x64
		{8111B0F6-4D35-4695-9E2A-7679C2906EA5}.Release|x86.ActiveCfg = Release|Win32
		{8111B0F6-4D35-4695-9E2A-7679C2906EA5}.Release|x86.Build.0 = Release|Win32
		{08711190-39F3-45B1-8D7A-8A38F9569734}.Debug|x64.ActiveCfg = Debug|x64
		{08711190-39F3-45B1-8D7A-8A38F9569734}.Debug|x64.Build.0 = Debug|x64
		{08711190-39F3-45B1-8D7A-8A38F9569734}.Debug|x86.ActiveCfg = Debug|Win32
		{08711190-39F3-45B1-8D7A-8A38F9569734}.Debug|x86.Build.0 = Debug|Win32
		{08711190-39F3-45B1-8D7A-8A38F9569734}.Release|x64.ActiveCfg = Release|x64
		{08711190-39F3-45B1-8D7A-8A38F9569734}.Release|x64.Build.0 = Release|x64
		{08711190-39F3-45B1-8D7A-8A38F9569734}.Release|x86.ActiveCfg = Release|Win32
		{08711190-39F3-45B1-8D7A-8A38F9569734}.Release|x86.Build.0 = Release|Win32
		{01672185-122E-41E0-A2CD-85F4433F77F3}.Debug|x64.ActiveCfg = Debug|x64
		{01672185-122E-41E0-A2CD-85F4433F77F3}.Debug|x64.Build.0 = Debug|x64
		{01672185-122E-41E0-A2CD-85F4433F77F3}.Debug|x86.ActiveCfg = Debug|Win32
		{01672185-122E-41E0-A2CD-85F4433F77F3}.Debug|x86.Build.0 = Debug|Win32
		{01672185-122E-41E0-A2CD-85F4433F77F3}.Release|x64.ActiveCfg = Release|x64
		{01672185-122E-41E0-A2CD-85F4433F77F3}.Release|x64.Build.0 = Release|x64
		{01672185-122E-41E0-A2CD-85F4433F77F3}.Release|x86.ActiveCfg = Release|Win32
		{01672185-122E-41E0-A2CD-85F4433F77F3}.Release|x86.Build.0 = Release|Win32
		{2467B482-689D-4346-9DDF-B3F6392E7D11}.Debug|x64.ActiveCfg = Debug|x64
		{2467B482-689D-4346-9DDF-B3F6392E7D11}.Debug|x64.Build.0 = Debug|x64
		{2467B482-689D-4346-9DDF-B3F6392E7D11}.Debug|x86.ActiveCfg = Debug|Win32
		{2467B482-689D-4346-9DDF-B3F6392E7D11}.Debug|x86.Build.0 = Debug|Win32
		{2467B482-689D-4346-9DDF-B3F6392E7D11}.Release|x64.ActiveCfg = Release|x64
		{2467B482-689D-4346-9DDF-B3F6392E7D11}.Release|x64.Build.0 = Release|x64
		{2467B482-689D-4346-9DDF-B3F6392E7D11}.Release|x86.ActiveCfg = Release|Win32
		{2467B482-689D-4346-9DDF-B3F6392E7D11}.Release|x86.Build.0 = Release|Win32
		{5FD3435E-93C7-4832-82DC-3DDD96745EE1}.Debug|x64.ActiveCfg = Debug|x64
		{5FD3435E-93C7-4832-82DC-3DDD96745EE1}.Debug|x64.Build.0 = Debug|x64
		{5FD3435E-93C7-4832-82DC-3DDD96745EE1}.Debug|x86.ActiveCfg = Debug|Win32
		{5FD3435E-93C7-4832-82DC-3DDD96745EE1}.Debug|x86.Build.0 = Debug|Win32
		{5FD3435E-93C7-4832-82DC-3DDD96745EE1}.Release|x64.ActiveCfg = Release|x64
		{5FD3435E-93C7-4832-82DC-3DDD96745EE1}.Release|x64.Build.0 = Release|x64
		{5FD3435E-93C7-4832-82DC-3DDD96745EE1}.Release|x86.ActiveCfg = Release|Win32
		{5FD3435E-93C7-4832-82DC-3DDD96745EE1}.Release|x86.Build.0 = Release|Win32
		{3E238531-4D3A-4301-9741-61756446C1A5}.Debug|x64.ActiveCfg = Debug|x64
		{3E238531-4D3A-4301-9741-61756446C1A5}.Debug|x64.Build.0 = Debug|x64
		{3E238531-4D3A-4301-9741-61756446C1A5}.Debug|x86.ActiveCfg = Debug|Win32
		{3E238531-4D3A-4301-9741-61756446C1A5}.Debug|x86.Build.0 = Debug|Win32
		{3E238531-4D3A-4301-9741-61756446C1A5}.Release|x64.ActiveCfg = Release|x64
		{3E238531-4D3A-4301-9741-61756446C1A5}.Release|x64.Build.0 = Release|x64
		{3E238531-4D3A-4301-9741-61756446C1A5}.Release|x86.ActiveCfg = Release|Win32
		{3E238531-4D3A-4301-9741-61756446C1A5}.Release|x86.Build.0 = Release|Win32
		{7CC543F7-18BE-44AD-B8A3-EC0975088758}.Debug|x64.ActiveCfg = Debug|x64
		{7CC543F7-18BE-44AD-B8A3-EC0975088758}.Debug|x64.Build.0 = Debug|x64
		{7CC543F7-18BE-44AD-B8A3-EC0975088758}.Debug|x86.ActiveCfg = Debug|Win32
		{7CC543F7-18BE-44AD-B8A3-EC0975088758}.Debug|x86.Build.0 = Debug|Win32
		{7CC543F7-18BE-44AD-B8A3-EC0975088758}.Release|x64.ActiveCfg = Release|x64
		{7CC543F7-18BE-44AD-B8A3-EC0975088758}.Release|x64.Build.0 = Release|x64
		{7CC543F7-18BE-44AD-B8A3-EC0975088758}.Release|x86.ActiveCfg = Release|Win32
		{7CC543F7-18BE-44AD-B8A3-EC0975088758}.Release|x86.Build.0 = Release|Win32
		{85070310-F3D2-4F1C-AF82-69CB12CCF431}.Debug|x64.ActiveCfg = Debug|x64
		{85070310-F3D2-4F1C-AF82-69CB12CCF431}.Debug|x64.Build.0 = Debug|x64
		{85070310-F3D2-4F1C-AF82-69CB12CCF431}.Debug|x86.ActiveCfg = Debug|Win32
		{85070310-F3D2-4F1C-AF82-69CB12CCF431}.Debug|x86.Build.0 = Debug|Win32
		{85070310-F3D2-4F1C-AF82-69CB12CCF431}.Release|x64.ActiveCfg = Release|x64
		{85070310-F3D2-4F1C-AF82-69CB12CCF431}.Release|x64.Build.0 = Release|x64
		{85070310-F3D2-4F1C-AF82-69CB12CCF431}.Release|x86.ActiveCfg = Release|Win32
		{85070310-F3D2-4F1C-AF82-69CB12CCF431}.Release|x86.Build.0 = Release|Win32
		{163CD0B0-BAC2-46B7-A63B-3FA55438C3EA}.Debug|x64.ActiveCfg = Debug|x64
		{163CD0B0-BAC2-46B7-A63B-3FA55438C3EA}.Debug|x64.Build.0 = Debug|x64
		{163CD0B0-BAC2-46B7-A63B-3FA55438C3EA}.Debug|x86.ActiveCfg = Debug|Win32
		{163CD0B0-BAC2-46B7-A63B-3FA55438C3EA}.Debug|x86.Build.0 = Debug|Win32
		{163CD0B0-BAC2-46B7-A63B-3FA55438C3EA}.Release|x64.ActiveCfg = Release|x64
		{163CD0B0-BAC2-46B7-A63B-3FA55438C3EA}.Release|x64.Build.0 = Release|x64
		{163CD0B0-BAC2-46B7-A63B-3FA55438C3EA}.Release|x86.ActiveCfg = Release|Win32
		{163CD0B0-BAC2-46B7-A63B-3FA55438C3EA}.Release|x86.Build.0 = Release|Win32
		{940DDCF5-184C-446A-A4BE-ED09C8BE91BB}.Debug|x64.ActiveCfg = Debug|x64
		{940DDCF5-184C-446A-A4BE-ED09C8BE91BB}.Debug|x64.Build.0 = Debug|x64
		{940DDCF5-184C-446A-A4BE-ED09C8BE91BB}.Debug|x86.ActiveCfg = Debug|Win32
		{940DDCF5-184C-446A-A4BE-ED09C8BE91BB}.Debug|x86.Build.0 = Debug|Win32
		{940DDCF5-184C-446A-A4BE-ED09C8BE91BB}.Release|x64.ActiveCfg = Release|x64
		{940DDCF5-184C-446A-A4BE-ED09C8BE91BB}.Release|x64.Build.0 = Release|x64
		{940DDCF5-184C-446A-A4BE-ED09C8BE91BB}.Release|x86.ActiveCfg = Release|Win32
		{940DDCF5-184C-446A-A4BE-ED09C8BE91BB}.Release|x86.Build.0 = Release|Win32
		{908DF88A-7EF9-4AEF-A1C6-73150193CFCC}.Debug|x64.ActiveCfg = Debug|x64
		{908DF88A-7EF9-4AEF-A1C6-73150193CFCC}.Debug|x64.Build.0 = Debug|x64
		{908DF88A-7EF9-4AEF-A1C6-73150193CFCC}.Debug|x86.ActiveCfg = Debug|Win32
		{908DF88A-7EF9-4AEF-A1C6-73150193CFCC}.Debug|x86.Build.0 = Debug|Win32
		{908DF88A-7EF9-4AEF-A1C6-73150193CFCC}.Release|x64.ActiveCfg = Release|x64
		{908DF88A-7EF9-4AEF-A1C6-73150193CFCC}.Release|x64.Build.0 = Release|x64
		{908DF88A-7EF9-4AEF-A1C6-73150193CFCC}.Release|x86.ActiveCfg = Release|Win32
		{908DF88A-7EF9-4AEF-A1C6-73150193CFCC}.Release|x86.Build.0 = Release|Win32
		{8577C0ED-CA2A-4FB8-8708-466EEA2D3CE2}.Debug|x64.ActiveCfg = Debug|x64
		{8577C0ED-CA2A-4FB8-8708-466EEA2D3CE2}.Debug|x64.Build.0 = Debug|x64
		{8577C0ED-CA2A-4FB8-8708-466EEA2D3CE2}.Debug|x86.ActiveCfg = Debug|Win32
		{8577C0ED-CA2A-4FB8-8708-466EEA2D3CE2}.Debug|x86.Build.0 = Debug|Win32
		{8577C0ED-CA2A-4FB8-8708-466EEA2D3CE2}.Release|x64.ActiveCfg = Release|x64
		{8577C0ED-CA2A-4FB8-8708-466EEA2D3CE2}.Release|x64.Build.0 = Release|x64
		{8577C0ED-CA2A-4FB8-8708-466EEA2D3CE2}.Release|x86.ActiveCfg = Release|Win32
		{8577C0ED-CA2A-4FB8-8708-466EEA2D3CE2}.Release|x86.Build.0 = Release|Win32
		{61F5B4AA-C596-4839-BFA7-B64193889530}.Debug|x64.ActiveCfg = Debug|x64
		{61F5B4AA-C596-4839-BFA7-B64193889530}.Debug|x64.Build.0 = Debug|x64
		{61F5B4AA-C596-4839-BFA7-B64193889530}.Debug|x86.ActiveCfg = Debug|Win32
		{61F5B4AA-C596-4839-BFA7-B64193889530}.Debug|x86.Build.0 = Debug|Win32
		{61F5B4AA-C596-4839-BFA7-B64193889530}.Release|x64.ActiveCfg = Release|x64
		{61F5B4AA-C596-4839-BFA7-B64193889530}.Release|x64.Build.0 = Release|x64
		{61F5B4AA-C596-4839-BFA7-B64193889530}.Release|x86.ActiveCfg = Release|Win32
		{61F5B4AA-C596-4839-BFA7-B64193889530}.Release|x86.Build.0 = Release|Win32
		{71C57CA1-10F2-4A14-A9C2-9CA5C9DE6C2A}.Debug|x64.ActiveCfg = Debug|x64
		{71C57CA1-10F2-4A14-A9C2-9CA5C9DE6C2A}.Debug|x64.Build.0 = Debug|x64
		{71C57CA1-10F2-4A14-A9C2-9CA5C9DE6C2A}.Debug|x86.ActiveCfg = Debug|Win32
		{71C57CA1-10F2-4A14-A9C2-9CA5C9DE6C2A}.Debug|x86.Build.0 = Debug|Win32
		{71C57CA1-10F2-4A14-A9C2-9CA5C9DE6C2A}.Release|x64.ActiveCfg = Release|x64
		{71C57CA1-10F2-4A14-A9C2-9CA5C9DE6C2A}.Release|x64.Build.0 = Release|x64
		{71C57CA1-10F2-4A14-A9C2-9CA5C9DE6C2A}.Release|x86.ActiveCfg = Release|Win32
		{71C57CA1-10F2-4A14-A9C2-9CA5C9DE6C2A}.Release|x86.Build.0 = Release|Win32
		{3F0BA827-6AEB-4AA2-95FA-86D46626C69D}.Debug|x64.ActiveCfg = Debug|x64
		{3F0BA827-6AEB-4AA2-95FA-86D46626C69D}.Debug|x64.Build.0 = Debug|x64
		{3F0BA827-6AEB-4AA2-95FA-86D46626C69D}.Debug|x86.ActiveCfg = Debug|Win32
		{3F0BA827-6AEB-4AA2-95FA-86D46626C69D}.Debug|x86.Build.0 = Debug|Win32
		{3F0BA827-6AEB-4AA2-95FA-86D46626C69D}.Release|x64.ActiveCfg = Release|x64
		{3F0BA827-6AEB-4AA2-95FA-86D46626C69D}.Release|x64.Build.0 = Release|x64
		{3F0BA827-6AEB-4AA2-95FA-86D46626C69D}.Release|x86.ActiveCfg = Release|Win32
		{3F0BA827-6AEB-4AA2-95FA-86D46626C69D}.Release|x86.Build.0 = Release|Win32
		{D00CE4AF-F9E7-4424-BD61-45BAA0C45054}.Debug|x64.ActiveCfg = Debug|x64
		{D00CE4AF-F9E7-4424-BD61-45BAA0C45054}.Debug|x64.Build.0 = Debug|x64
		{D00CE4AF-F9E7-4424-BD61-45BAA0C45054}.Debug|x86.ActiveCfg = Debug|Win32
		{D00CE4AF-F9E7-4424-BD61-45BAA0C45054}.Debug|x86.Build.0 = Debug|Win32
		{D00CE4AF-F9E7-4424-BD61-45BAA0C45054}.Release|x64.ActiveCfg = Release|x64
		{D00CE4AF-F9E7-4424-BD61-45BAA0C45054}.Release|x64.Build.0 = Release|x64
		{D00CE4AF-F9E7-4424-BD61-45BAA0C45054}.Release|x86.ActiveCfg = Release|Win32
		{D00CE4AF-F9E7-4424-BD61-45BAA0C45054}.Release|x86.Build.0 = Release|Win32
		{004443AA-3388-4421-96AC-735BF72999C4}.Debug|x64.ActiveCfg = Debug|x64
		{004443AA-3388-4421-96AC-735BF72999C4}.Debug|x64.Build.0 = Debug|x64
		{004443AA-3388-4421-96AC-735BF72999C4}.Debug|x86.ActiveCfg = Debug|Win32
		{004443AA-3388-4421-96AC-735BF72999C4}.Debug|x86.Build.0 = Debug|Win32
		{004443AA-3388-4421-96AC-735BF72999C4}.Release|x64.ActiveCfg = Release|x64
		{004443AA-3388-4421-96AC-735BF72999C4}.Release|x64.Build.0 = Release|x64
		{004443AA-3388-4421-96AC-735BF72999C4}.Release|x86.ActiveCfg = Release|Win32
		{004443AA-3388-4421-96AC-735BF72999C4}.Release|x86.Build.0 = Release|Win32
		{E6B9A033-9073-47DF-92AF-0A68188395A3}.Debug|x64.ActiveCfg = Debug|x64
		{E6B9A033-9073-47DF-92AF-0A68188395A3}.Debug|x64.Build.0 = Debug|x64
		{E6B9A033-9073-47DF-92AF-0A68188395A3}.Debug|x86.ActiveCfg = Debug|Win32
		{E6B9A033-9073-47DF-92AF-0A68188395A3}.Debug|x86.Build.0 = Debug|Win32
		{E6B9A033-9073-47DF-92AF-0A68188395A3}.Release|x64.ActiveCfg = Release|x64
		{E6B9A033-9073-47DF-92AF-0A68188395A3}.Release|x64.Build.0 = Release|x64
		{E6B9A033-9073-47DF-92AF-0A68188395A3}.Release|x86.ActiveCfg = Release|Win32
		{E6B9A033-9073-47DF-92AF-0A68188395A3}.Release|x86.Build.0 = Release|Win32
		{42162E34-5ED0-4A54-B0BC-C0892FE998F4}.Debug|x64.ActiveCfg = Debug|x64
		{42162E34-5ED0-4A54-B0BC-C0892FE998F4}.Debug|x64.Build.0 = Debug|x64
		{42162E34-5ED0-4A54-B0BC-C0892FE998F4}.Debug|x86.ActiveCfg = Debug|Win32
		{42162E34-5ED0-4A54-B0BC-C0892FE998F4}.Debug|x86.Build.0 = Debug|Win32
		{42162E34-5ED0-4A54-B0BC-C0892FE998F4}.Release|x64.ActiveCfg = Release|x64
		{42162E34-5ED0-4A54-B0BC-C0892FE998F4}.Release|x64.Build.0 = Release|x64
		{42162E34-5ED0-4A54-B0BC-C0892FE998F4}.Release|x86.ActiveCfg = Release|Win32
		{42162E34-5ED0-4A54-B0BC-C0892FE998F4}.Release|x86.Build.0 = Release|Win32
	EndGlobalSection
	GlobalSection(SolutionProperties) = preSolution
		HideSolutionNode = FALSE
	EndGlobalSection
	GlobalSection(ExtensibilityGlobals) = postSolution
		SolutionGuid = {DBF21B94-B4F7-47D8-BBB4-DDC825ABB47F}
	EndGlobalSection
EndGlobal
