
Microsoft Visual Studio Solution File, Format Version 12.00
# Visual Studio Version 17
VisualStudioVersion = 17.14.36518.9 d17.14
MinimumVisualStudioVersion = 10.0.40219.1
Project("{8BC9CEB8-8B4A-11D0-8D11-00A0C91BC942}") = "task1", "..\..\2025.09.28-Homework-1\task1\task1.vcxproj", "{C188D166-B80D-4497-8114-88394DE7AC36}"
EndProject
Project("{8BC9CEB8-8B4A-11D0-8D11-00A0C91BC942}") = "task2", "..\..\2025.09.28-Homework-1\task2\task2.vcxproj", "{E18AA28D-89D7-45F1-96A0-F7A7801A6C37}"
EndProject
Project("{8BC9CEB8-8B4A-11D0-8D11-00A0C91BC942}") = "task3", "..\..\2025.09.28-Homework-1\task3\task3.vcxproj", "{C3613454-EF77-49BD-8507-1B068CEDE2C3}"
EndProject
Project("{8BC9CEB8-8B4A-11D0-8D11-00A0C91BC942}") = "task4", "..\..\2025.09.28-Homework-1\task4\task4.vcxproj", "{97B99ACE-F74B-442A-8026-7CECF42C4ECA}"
EndProject
Project("{8BC9CEB8-8B4A-11D0-8D11-00A0C91BC942}") = "task5", "..\..\2025.09.28-Homework-1\task5\task5.vcxproj", "{630F474C-50A0-49D1-9007-309EFA4637F4}"
EndProject
Project("{8BC9CEB8-8B4A-11D0-8D11-00A0C91BC942}") = "task6", "..\..\2025.09.28-Homework-1\task6\task6.vcxproj", "{6DE6EDF8-9740-4B19-BB07-7BAC0F057D13}"
EndProject
Project("{8BC9CEB8-8B4A-11D0-8D11-00A0C91BC942}") = "task7", "..\..\2025.09.28-Homework-1\task7\task7.vcxproj", "{9D7F2688-C7A5-4FCC-BFA0-969B59144C60}"
EndProject
Project("{8BC9CEB8-8B4A-11D0-8D11-00A0C91BC942}") = "task8", "..\..\2025.09.28-Homework-1\task8\task8.vcxproj", "{5F3D06A6-7D62-48F6-A54F-3703FD2F2268}"
EndProject
Project("{8BC9CEB8-8B4A-11D0-8D11-00A0C91BC942}") = "task9", "..\..\2025.09.28-Homework-1\task9\task9.vcxproj", "{122FA214-CDAD-405B-972E-5FFA3B81E977}"
EndProject
Project("{8BC9CEB8-8B4A-11D0-8D11-00A0C91BC942}") = "task10", "..\..\2025.09.28-Homework-1\task10\task10.vcxproj", "{84BE9D51-F983-45FD-8094-3A8596226A2B}"
EndProject
Project("{8BC9CEB8-8B4A-11D0-8D11-00A0C91BC942}") = "task11", "..\..\2025.09.28-Homework-1\task11\task11.vcxproj", "{689044C6-676B-467F-B91E-C43A68CFC814}"
EndProject
Project("{8BC9CEB8-8B4A-11D0-8D11-00A0C91BC942}") = "task13", "..\..\2025.09.28-Homework-1\task13\task13.vcxproj", "{DACEFD16-7868-478D-8D13-A60E4026AB81}"
EndProject
Project("{8BC9CEB8-8B4A-11D0-8D11-00A0C91BC942}") = "task14", "..\..\2025.09.28-Homework-1\task14\task14.vcxproj", "{00A820EA-E2DD-47DF-9B2C-5C0F64917574}"
EndProject
Project("{8BC9CEB8-8B4A-11D0-8D11-00A0C91BC942}") = "task15", "..\..\2025.09.28-Homework-1\task15\task15.vcxproj", "{D6825D2F-DE7A-49CD-BBB2-9A90F9B73C42}"
EndProject
Project("{8BC9CEB8-8B4A-11D0-8D11-00A0C91BC942}") = "task16", "..\..\2025.09.28-Homework-1\task16\task16.vcxproj", "{5C178E51-D19D-45B3-82BA-8B096D346DA0}"
EndProject
Project("{8BC9CEB8-8B4A-11D0-8D11-00A0C91BC942}") = "task17", "..\..\2025.09.28-Homework-1\task17\task17.vcxproj", "{5DB28046-DB5D-4A79-B6C8-5325E571062A}"
EndProject
Project("{8BC9CEB8-8B4A-11D0-8D11-00A0C91BC942}") = "task18", "..\..\2025.09.28-Homework-1\task18\task18.vcxproj", "{44EEBA53-9E78-42B1-97E4-7EF22540BD7B}"
EndProject
Project("{8BC9CEB8-8B4A-11D0-8D11-00A0C91BC942}") = "task19", "..\..\2025.09.28-Homework-1\task19\.vs\task19.vcxproj", "{F65E5602-E220-4F3C-A9CF-32AC6BBC7F0E}"
EndProject
Project("{8BC9CEB8-8B4A-11D0-8D11-00A0C91BC942}") = "task20", "..\..\2025.09.28-Homework-1\task20\task20.vcxproj", "{AE448ED1-B114-48D4-A911-5F7F656EF195}"
EndProject
Project("{8BC9CEB8-8B4A-11D0-8D11-00A0C91BC942}") = "task21", "..\..\2025.09.28-Homework-1\task21\task21.vcxproj", "{44AD5D8C-0754-4799-94E2-304E498A7BD8}"
EndProject
Project("{8BC9CEB8-8B4A-11D0-8D11-00A0C91BC942}") = "task22", "..\..\2025.09.28-Homework-1\task22\task22.vcxproj", "{598B2DB0-2229-4A9B-891A-031067284C0B}"
EndProject
Global
	GlobalSection(SolutionConfigurationPlatforms) = preSolution
		Debug|x64 = Debug|x64
		Debug|x86 = Debug|x86
		Release|x64 = Release|x64
		Release|x86 = Release|x86
	EndGlobalSection
	GlobalSection(ProjectConfigurationPlatforms) = postSolution
		{C188D166-B80D-4497-8114-88394DE7AC36}.Debug|x64.ActiveCfg = Debug|x64
		{C188D166-B80D-4497-8114-88394DE7AC36}.Debug|x64.Build.0 = Debug|x64
		{C188D166-B80D-4497-8114-88394DE7AC36}.Debug|x86.ActiveCfg = Debug|Win32
		{C188D166-B80D-4497-8114-88394DE7AC36}.Debug|x86.Build.0 = Debug|Win32
		{C188D166-B80D-4497-8114-88394DE7AC36}.Release|x64.ActiveCfg = Release|x64
		{C188D166-B80D-4497-8114-88394DE7AC36}.Release|x64.Build.0 = Release|x64
		{C188D166-B80D-4497-8114-88394DE7AC36}.Release|x86.ActiveCfg = Release|Win32
		{C188D166-B80D-4497-8114-88394DE7AC36}.Release|x86.Build.0 = Release|Win32
		{E18AA28D-89D7-45F1-96A0-F7A7801A6C37}.Debug|x64.ActiveCfg = Debug|x64
		{E18AA28D-89D7-45F1-96A0-F7A7801A6C37}.Debug|x64.Build.0 = Debug|x64
		{E18AA28D-89D7-45F1-96A0-F7A7801A6C37}.Debug|x86.ActiveCfg = Debug|Win32
		{E18AA28D-89D7-45F1-96A0-F7A7801A6C37}.Debug|x86.Build.0 = Debug|Win32
		{E18AA28D-89D7-45F1-96A0-F7A7801A6C37}.Release|x64.ActiveCfg = Release|x64
		{E18AA28D-89D7-45F1-96A0-F7A7801A6C37}.Release|x64.Build.0 = Release|x64
		{E18AA28D-89D7-45F1-96A0-F7A7801A6C37}.Release|x86.ActiveCfg = Release|Win32
		{E18AA28D-89D7-45F1-96A0-F7A7801A6C37}.Release|x86.Build.0 = Release|Win32
		{C3613454-EF77-49BD-8507-1B068CEDE2C3}.Debug|x64.ActiveCfg = Debug|x64
		{C3613454-EF77-49BD-8507-1B068CEDE2C3}.Debug|x64.Build.0 = Debug|x64
		{C3613454-EF77-49BD-8507-1B068CEDE2C3}.Debug|x86.ActiveCfg = Debug|Win32
		{C3613454-EF77-49BD-8507-1B068CEDE2C3}.Debug|x86.Build.0 = Debug|Win32
		{C3613454-EF77-49BD-8507-1B068CEDE2C3}.Release|x64.ActiveCfg = Release|x64
		{C3613454-EF77-49BD-8507-1B068CEDE2C3}.Release|x64.Build.0 = Release|x64
		{C3613454-EF77-49BD-8507-1B068CEDE2C3}.Release|x86.ActiveCfg = Release|Win32
		{C3613454-EF77-49BD-8507-1B068CEDE2C3}.Release|x86.Build.0 = Release|Win32
		{97B99ACE-F74B-442A-8026-7CECF42C4ECA}.Debug|x64.ActiveCfg = Debug|x64
		{97B99ACE-F74B-442A-8026-7CECF42C4ECA}.Debug|x64.Build.0 = Debug|x64
		{97B99ACE-F74B-442A-8026-7CECF42C4ECA}.Debug|x86.ActiveCfg = Debug|Win32
		{97B99ACE-F74B-442A-8026-7CECF42C4ECA}.Debug|x86.Build.0 = Debug|Win32
		{97B99ACE-F74B-442A-8026-7CECF42C4ECA}.Release|x64.ActiveCfg = Release|x64
		{97B99ACE-F74B-442A-8026-7CECF42C4ECA}.Release|x64.Build.0 = Release|x64
		{97B99ACE-F74B-442A-8026-7CECF42C4ECA}.Release|x86.ActiveCfg = Release|Win32
		{97B99ACE-F74B-442A-8026-7CECF42C4ECA}.Release|x86.Build.0 = Release|Win32
		{630F474C-50A0-49D1-9007-309EFA4637F4}.Debug|x64.ActiveCfg = Debug|x64
		{630F474C-50A0-49D1-9007-309EFA4637F4}.Debug|x64.Build.0 = Debug|x64
		{630F474C-50A0-49D1-9007-309EFA4637F4}.Debug|x86.ActiveCfg = Debug|Win32
		{630F474C-50A0-49D1-9007-309EFA4637F4}.Debug|x86.Build.0 = Debug|Win32
		{630F474C-50A0-49D1-9007-309EFA4637F4}.Release|x64.ActiveCfg = Release|x64
		{630F474C-50A0-49D1-9007-309EFA4637F4}.Release|x64.Build.0 = Release|x64
		{630F474C-50A0-49D1-9007-309EFA4637F4}.Release|x86.ActiveCfg = Release|Win32
		{630F474C-50A0-49D1-9007-309EFA4637F4}.Release|x86.Build.0 = Release|Win32
		{6DE6EDF8-9740-4B19-BB07-7BAC0F057D13}.Debug|x64.ActiveCfg = Debug|x64
		{6DE6EDF8-9740-4B19-BB07-7BAC0F057D13}.Debug|x64.Build.0 = Debug|x64
		{6DE6EDF8-9740-4B19-BB07-7BAC0F057D13}.Debug|x86.ActiveCfg = Debug|Win32
		{6DE6EDF8-9740-4B19-BB07-7BAC0F057D13}.Debug|x86.Build.0 = Debug|Win32
		{6DE6EDF8-9740-4B19-BB07-7BAC0F057D13}.Release|x64.ActiveCfg = Release|x64
		{6DE6EDF8-9740-4B19-BB07-7BAC0F057D13}.Release|x64.Build.0 = Release|x64
		{6DE6EDF8-9740-4B19-BB07-7BAC0F057D13}.Release|x86.ActiveCfg = Release|Win32
		{6DE6EDF8-9740-4B19-BB07-7BAC0F057D13}.Release|x86.Build.0 = Release|Win32
		{9D7F2688-C7A5-4FCC-BFA0-969B59144C60}.Debug|x64.ActiveCfg = Debug|x64
		{9D7F2688-C7A5-4FCC-BFA0-969B59144C60}.Debug|x64.Build.0 = Debug|x64
		{9D7F2688-C7A5-4FCC-BFA0-969B59144C60}.Debug|x86.ActiveCfg = Debug|Win32
		{9D7F2688-C7A5-4FCC-BFA0-969B59144C60}.Debug|x86.Build.0 = Debug|Win32
		{9D7F2688-C7A5-4FCC-BFA0-969B59144C60}.Release|x64.ActiveCfg = Release|x64
		{9D7F2688-C7A5-4FCC-BFA0-969B59144C60}.Release|x64.Build.0 = Release|x64
		{9D7F2688-C7A5-4FCC-BFA0-969B59144C60}.Release|x86.ActiveCfg = Release|Win32
		{9D7F2688-C7A5-4FCC-BFA0-969B59144C60}.Release|x86.Build.0 = Release|Win32
		{5F3D06A6-7D62-48F6-A54F-3703FD2F2268}.Debug|x64.ActiveCfg = Debug|x64
		{5F3D06A6-7D62-48F6-A54F-3703FD2F2268}.Debug|x64.Build.0 = Debug|x64
		{5F3D06A6-7D62-48F6-A54F-3703FD2F2268}.Debug|x86.ActiveCfg = Debug|Win32
		{5F3D06A6-7D62-48F6-A54F-3703FD2F2268}.Debug|x86.Build.0 = Debug|Win32
		{5F3D06A6-7D62-48F6-A54F-3703FD2F2268}.Release|x64.ActiveCfg = Release|x64
		{5F3D06A6-7D62-48F6-A54F-3703FD2F2268}.Release|x64.Build.0 = Release|x64
		{5F3D06A6-7D62-48F6-A54F-3703FD2F2268}.Release|x86.ActiveCfg = Release|Win32
		{5F3D06A6-7D62-48F6-A54F-3703FD2F2268}.Release|x86.Build.0 = Release|Win32
		{122FA214-CDAD-405B-972E-5FFA3B81E977}.Debug|x64.ActiveCfg = Debug|x64
		{122FA214-CDAD-405B-972E-5FFA3B81E977}.Debug|x64.Build.0 = Debug|x64
		{122FA214-CDAD-405B-972E-5FFA3B81E977}.Debug|x86.ActiveCfg = Debug|Win32
		{122FA214-CDAD-405B-972E-5FFA3B81E977}.Debug|x86.Build.0 = Debug|Win32
		{122FA214-CDAD-405B-972E-5FFA3B81E977}.Release|x64.ActiveCfg = Release|x64
		{122FA214-CDAD-405B-972E-5FFA3B81E977}.Release|x64.Build.0 = Release|x64
		{122FA214-CDAD-405B-972E-5FFA3B81E977}.Release|x86.ActiveCfg = Release|Win32
		{122FA214-CDAD-405B-972E-5FFA3B81E977}.Release|x86.Build.0 = Release|Win32
		{84BE9D51-F983-45FD-8094-3A8596226A2B}.Debug|x64.ActiveCfg = Debug|x64
		{84BE9D51-F983-45FD-8094-3A8596226A2B}.Debug|x64.Build.0 = Debug|x64
		{84BE9D51-F983-45FD-8094-3A8596226A2B}.Debug|x86.ActiveCfg = Debug|Win32
		{84BE9D51-F983-45FD-8094-3A8596226A2B}.Debug|x86.Build.0 = Debug|Win32
		{84BE9D51-F983-45FD-8094-3A8596226A2B}.Release|x64.ActiveCfg = Release|x64
		{84BE9D51-F983-45FD-8094-3A8596226A2B}.Release|x64.Build.0 = Release|x64
		{84BE9D51-F983-45FD-8094-3A8596226A2B}.Release|x86.ActiveCfg = Release|Win32
		{84BE9D51-F983-45FD-8094-3A8596226A2B}.Release|x86.Build.0 = Release|Win32
		{689044C6-676B-467F-B91E-C43A68CFC814}.Debug|x64.ActiveCfg = Debug|x64
		{689044C6-676B-467F-B91E-C43A68CFC814}.Debug|x64.Build.0 = Debug|x64
		{689044C6-676B-467F-B91E-C43A68CFC814}.Debug|x86.ActiveCfg = Debug|Win32
		{689044C6-676B-467F-B91E-C43A68CFC814}.Debug|x86.Build.0 = Debug|Win32
		{689044C6-676B-467F-B91E-C43A68CFC814}.Release|x64.ActiveCfg = Release|x64
		{689044C6-676B-467F-B91E-C43A68CFC814}.Release|x64.Build.0 = Release|x64
		{689044C6-676B-467F-B91E-C43A68CFC814}.Release|x86.ActiveCfg = Release|Win32
		{689044C6-676B-467F-B91E-C43A68CFC814}.Release|x86.Build.0 = Release|Win32
		{DACEFD16-7868-478D-8D13-A60E4026AB81}.Debug|x64.ActiveCfg = Debug|x64
		{DACEFD16-7868-478D-8D13-A60E4026AB81}.Debug|x64.Build.0 = Debug|x64
		{DACEFD16-7868-478D-8D13-A60E4026AB81}.Debug|x86.ActiveCfg = Debug|Win32
		{DACEFD16-7868-478D-8D13-A60E4026AB81}.Debug|x86.Build.0 = Debug|Win32
		{DACEFD16-7868-478D-8D13-A60E4026AB81}.Release|x64.ActiveCfg = Release|x64
		{DACEFD16-7868-478D-8D13-A60E4026AB81}.Release|x64.Build.0 = Release|x64
		{DACEFD16-7868-478D-8D13-A60E4026AB81}.Release|x86.ActiveCfg = Release|Win32
		{DACEFD16-7868-478D-8D13-A60E4026AB81}.Release|x86.Build.0 = Release|Win32
		{00A820EA-E2DD-47DF-9B2C-5C0F64917574}.Debug|x64.ActiveCfg = Debug|x64
		{00A820EA-E2DD-47DF-9B2C-5C0F64917574}.Debug|x64.Build.0 = Debug|x64
		{00A820EA-E2DD-47DF-9B2C-5C0F64917574}.Debug|x86.ActiveCfg = Debug|Win32
		{00A820EA-E2DD-47DF-9B2C-5C0F64917574}.Debug|x86.Build.0 = Debug|Win32
		{00A820EA-E2DD-47DF-9B2C-5C0F64917574}.Release|x64.ActiveCfg = Release|x64
		{00A820EA-E2DD-47DF-9B2C-5C0F64917574}.Release|x64.Build.0 = Release|x64
		{00A820EA-E2DD-47DF-9B2C-5C0F64917574}.Release|x86.ActiveCfg = Release|Win32
		{00A820EA-E2DD-47DF-9B2C-5C0F64917574}.Release|x86.Build.0 = Release|Win32
		{D6825D2F-DE7A-49CD-BBB2-9A90F9B73C42}.Debug|x64.ActiveCfg = Debug|x64
		{D6825D2F-DE7A-49CD-BBB2-9A90F9B73C42}.Debug|x64.Build.0 = Debug|x64
		{D6825D2F-DE7A-49CD-BBB2-9A90F9B73C42}.Debug|x86.ActiveCfg = Debug|Win32
		{D6825D2F-DE7A-49CD-BBB2-9A90F9B73C42}.Debug|x86.Build.0 = Debug|Win32
		{D6825D2F-DE7A-49CD-BBB2-9A90F9B73C42}.Release|x64.ActiveCfg = Release|x64
		{D6825D2F-DE7A-49CD-BBB2-9A90F9B73C42}.Release|x64.Build.0 = Release|x64
		{D6825D2F-DE7A-49CD-BBB2-9A90F9B73C42}.Release|x86.ActiveCfg = Release|Win32
		{D6825D2F-DE7A-49CD-BBB2-9A90F9B73C42}.Release|x86.Build.0 = Release|Win32
		{5C178E51-D19D-45B3-82BA-8B096D346DA0}.Debug|x64.ActiveCfg = Debug|x64
		{5C178E51-D19D-45B3-82BA-8B096D346DA0}.Debug|x64.Build.0 = Debug|x64
		{5C178E51-D19D-45B3-82BA-8B096D346DA0}.Debug|x86.ActiveCfg = Debug|Win32
		{5C178E51-D19D-45B3-82BA-8B096D346DA0}.Debug|x86.Build.0 = Debug|Win32
		{5C178E51-D19D-45B3-82BA-8B096D346DA0}.Release|x64.ActiveCfg = Release|x64
		{5C178E51-D19D-45B3-82BA-8B096D346DA0}.Release|x64.Build.0 = Release|x64
		{5C178E51-D19D-45B3-82BA-8B096D346DA0}.Release|x86.ActiveCfg = Release|Win32
		{5C178E51-D19D-45B3-82BA-8B096D346DA0}.Release|x86.Build.0 = Release|Win32
		{5DB28046-DB5D-4A79-B6C8-5325E571062A}.Debug|x64.ActiveCfg = Debug|x64
		{5DB28046-DB5D-4A79-B6C8-5325E571062A}.Debug|x64.Build.0 = Debug|x64
		{5DB28046-DB5D-4A79-B6C8-5325E571062A}.Debug|x86.ActiveCfg = Debug|Win32
		{5DB28046-DB5D-4A79-B6C8-5325E571062A}.Debug|x86.Build.0 = Debug|Win32
		{5DB28046-DB5D-4A79-B6C8-5325E571062A}.Release|x64.ActiveCfg = Release|x64
		{5DB28046-DB5D-4A79-B6C8-5325E571062A}.Release|x64.Build.0 = Release|x64
		{5DB28046-DB5D-4A79-B6C8-5325E571062A}.Release|x86.ActiveCfg = Release|Win32
		{5DB28046-DB5D-4A79-B6C8-5325E571062A}.Release|x86.Build.0 = Release|Win32
		{44EEBA53-9E78-42B1-97E4-7EF22540BD7B}.Debug|x64.ActiveCfg = Debug|x64
		{44EEBA53-9E78-42B1-97E4-7EF22540BD7B}.Debug|x64.Build.0 = Debug|x64
		{44EEBA53-9E78-42B1-97E4-7EF22540BD7B}.Debug|x86.ActiveCfg = Debug|Win32
		{44EEBA53-9E78-42B1-97E4-7EF22540BD7B}.Debug|x86.Build.0 = Debug|Win32
		{44EEBA53-9E78-42B1-97E4-7EF22540BD7B}.Release|x64.ActiveCfg = Release|x64
		{44EEBA53-9E78-42B1-97E4-7EF22540BD7B}.Release|x64.Build.0 = Release|x64
		{44EEBA53-9E78-42B1-97E4-7EF22540BD7B}.Release|x86.ActiveCfg = Release|Win32
		{44EEBA53-9E78-42B1-97E4-7EF22540BD7B}.Release|x86.Build.0 = Release|Win32
		{F65E5602-E220-4F3C-A9CF-32AC6BBC7F0E}.Debug|x64.ActiveCfg = Debug|x64
		{F65E5602-E220-4F3C-A9CF-32AC6BBC7F0E}.Debug|x64.Build.0 = Debug|x64
		{F65E5602-E220-4F3C-A9CF-32AC6BBC7F0E}.Debug|x86.ActiveCfg = Debug|Win32
		{F65E5602-E220-4F3C-A9CF-32AC6BBC7F0E}.Debug|x86.Build.0 = Debug|Win32
		{F65E5602-E220-4F3C-A9CF-32AC6BBC7F0E}.Release|x64.ActiveCfg = Release|x64
		{F65E5602-E220-4F3C-A9CF-32AC6BBC7F0E}.Release|x64.Build.0 = Release|x64
		{F65E5602-E220-4F3C-A9CF-32AC6BBC7F0E}.Release|x86.ActiveCfg = Release|Win32
		{F65E5602-E220-4F3C-A9CF-32AC6BBC7F0E}.Release|x86.Build.0 = Release|Win32
		{AE448ED1-B114-48D4-A911-5F7F656EF195}.Debug|x64.ActiveCfg = Debug|x64
		{AE448ED1-B114-48D4-A911-5F7F656EF195}.Debug|x64.Build.0 = Debug|x64
		{AE448ED1-B114-48D4-A911-5F7F656EF195}.Debug|x86.ActiveCfg = Debug|Win32
		{AE448ED1-B114-48D4-A911-5F7F656EF195}.Debug|x86.Build.0 = Debug|Win32
		{AE448ED1-B114-48D4-A911-5F7F656EF195}.Release|x64.ActiveCfg = Release|x64
		{AE448ED1-B114-48D4-A911-5F7F656EF195}.Release|x64.Build.0 = Release|x64
		{AE448ED1-B114-48D4-A911-5F7F656EF195}.Release|x86.ActiveCfg = Release|Win32
		{AE448ED1-B114-48D4-A911-5F7F656EF195}.Release|x86.Build.0 = Release|Win32
		{44AD5D8C-0754-4799-94E2-304E498A7BD8}.Debug|x64.ActiveCfg = Debug|x64
		{44AD5D8C-0754-4799-94E2-304E498A7BD8}.Debug|x64.Build.0 = Debug|x64
		{44AD5D8C-0754-4799-94E2-304E498A7BD8}.Debug|x86.ActiveCfg = Debug|Win32
		{44AD5D8C-0754-4799-94E2-304E498A7BD8}.Debug|x86.Build.0 = Debug|Win32
		{44AD5D8C-0754-4799-94E2-304E498A7BD8}.Release|x64.ActiveCfg = Release|x64
		{44AD5D8C-0754-4799-94E2-304E498A7BD8}.Release|x64.Build.0 = Release|x64
		{44AD5D8C-0754-4799-94E2-304E498A7BD8}.Release|x86.ActiveCfg = Release|Win32
		{44AD5D8C-0754-4799-94E2-304E498A7BD8}.Release|x86.Build.0 = Release|Win32
		{598B2DB0-2229-4A9B-891A-031067284C0B}.Debug|x64.ActiveCfg = Debug|x64
		{598B2DB0-2229-4A9B-891A-031067284C0B}.Debug|x64.Build.0 = Debug|x64
		{598B2DB0-2229-4A9B-891A-031067284C0B}.Debug|x86.ActiveCfg = Debug|Win32
		{598B2DB0-2229-4A9B-891A-031067284C0B}.Debug|x86.Build.0 = Debug|Win32
		{598B2DB0-2229-4A9B-891A-031067284C0B}.Release|x64.ActiveCfg = Release|x64
		{598B2DB0-2229-4A9B-891A-031067284C0B}.Release|x64.Build.0 = Release|x64
		{598B2DB0-2229-4A9B-891A-031067284C0B}.Release|x86.ActiveCfg = Release|Win32
		{598B2DB0-2229-4A9B-891A-031067284C0B}.Release|x86.Build.0 = Release|Win32
	EndGlobalSection
	GlobalSection(SolutionProperties) = preSolution
		HideSolutionNode = FALSE
	EndGlobalSection
	GlobalSection(ExtensibilityGlobals) = postSolution
		SolutionGuid = {B2C7E2E3-9825-446C-8223-F6EA68DD1A6E}
	EndGlobalSection
EndGlobal
