
Microsoft Visual Studio Solution File, Format Version 12.00
# Visual Studio Version 17
VisualStudioVersion = 17.14.36603.0 d17.14
MinimumVisualStudioVersion = 10.0.40219.1
Project("{8BC9CEB8-8B4A-11D0-8D11-00A0C91BC942}") = "Task 1", "Task 1\Task 1.vcxproj", "{92B31376-1E4C-4C08-9CE4-BF9333B2144B}"
EndProject
Project("{8BC9CEB8-8B4A-11D0-8D11-00A0C91BC942}") = "Task 2", "Task 2\Task 2.vcxproj", "{F2BB25DE-01E2-40DF-BBE4-38173105EA80}"
EndProject
Project("{8BC9CEB8-8B4A-11D0-8D11-00A0C91BC942}") = "Task 3", "Task 3\Task 3.vcxproj", "{6320AF4B-43B8-44F0-9356-3D63CE872B57}"
EndProject
Project("{8BC9CEB8-8B4A-11D0-8D11-00A0C91BC942}") = "Task 4", "Task 4\Task 4.vcxproj", "{B0B876B4-D87A-44EE-903A-4ADABA4B03EC}"
EndProject
Project("{8BC9CEB8-8B4A-11D0-8D11-00A0C91BC942}") = "Task 5", "Task 5\Task 5.vcxproj", "{671B8830-7360-4C18-94A0-8BBA4E12B3B2}"
EndProject
Project("{8BC9CEB8-8B4A-11D0-8D11-00A0C91BC942}") = "Task 6", "Task 6\Task 6.vcxproj", "{F95AADCF-BF5B-47C8-A93C-32A6D8EAEB76}"
EndProject
Project("{8BC9CEB8-8B4A-11D0-8D11-00A0C91BC942}") = "Task 7", "Task 7\Task 7.vcxproj", "{4E8561B6-AD83-4D00-AB4B-48A3A0FDE01D}"
EndProject
Global
	GlobalSection(SolutionConfigurationPlatforms) = preSolution
		Debug|x64 = Debug|x64
		Debug|x86 = Debug|x86
		Release|x64 = Release|x64
		Release|x86 = Release|x86
	EndGlobalSection
	GlobalSection(ProjectConfigurationPlatforms) = postSolution
		{92B31376-1E4C-4C08-9CE4-BF9333B2144B}.Debug|x64.ActiveCfg = Debug|x64
		{92B31376-1E4C-4C08-9CE4-BF9333B2144B}.Debug|x64.Build.0 = Debug|x64
		{92B31376-1E4C-4C08-9CE4-BF9333B2144B}.Debug|x86.ActiveCfg = Debug|Win32
		{92B31376-1E4C-4C08-9CE4-BF9333B2144B}.Debug|x86.Build.0 = Debug|Win32
		{92B31376-1E4C-4C08-9CE4-BF9333B2144B}.Release|x64.ActiveCfg = Release|x64
		{92B31376-1E4C-4C08-9CE4-BF9333B2144B}.Release|x64.Build.0 = Release|x64
		{92B31376-1E4C-4C08-9CE4-BF9333B2144B}.Release|x86.ActiveCfg = Release|Win32
		{92B31376-1E4C-4C08-9CE4-BF9333B2144B}.Release|x86.Build.0 = Release|Win32
		{F2BB25DE-01E2-40DF-BBE4-38173105EA80}.Debug|x64.ActiveCfg = Debug|x64
		{F2BB25DE-01E2-40DF-BBE4-38173105EA80}.Debug|x64.Build.0 = Debug|x64
		{F2BB25DE-01E2-40DF-BBE4-38173105EA80}.Debug|x86.ActiveCfg = Debug|Win32
		{F2BB25DE-01E2-40DF-BBE4-38173105EA80}.Debug|x86.Build.0 = Debug|Win32
		{F2BB25DE-01E2-40DF-BBE4-38173105EA80}.Release|x64.ActiveCfg = Release|x64
		{F2BB25DE-01E2-40DF-BBE4-38173105EA80}.Release|x64.Build.0 = Release|x64
		{F2BB25DE-01E2-40DF-BBE4-38173105EA80}.Release|x86.ActiveCfg = Release|Win32
		{F2BB25DE-01E2-40DF-BBE4-38173105EA80}.Release|x86.Build.0 = Release|Win32
		{6320AF4B-43B8-44F0-9356-3D63CE872B57}.Debug|x64.ActiveCfg = Debug|x64
		{6320AF4B-43B8-44F0-9356-3D63CE872B57}.Debug|x64.Build.0 = Debug|x64
		{6320AF4B-43B8-44F0-9356-3D63CE872B57}.Debug|x86.ActiveCfg = Debug|Win32
		{6320AF4B-43B8-44F0-9356-3D63CE872B57}.Debug|x86.Build.0 = Debug|Win32
		{6320AF4B-43B8-44F0-9356-3D63CE872B57}.Release|x64.ActiveCfg = Release|x64
		{6320AF4B-43B8-44F0-9356-3D63CE872B57}.Release|x64.Build.0 = Release|x64
		{6320AF4B-43B8-44F0-9356-3D63CE872B57}.Release|x86.ActiveCfg = Release|Win32
		{6320AF4B-43B8-44F0-9356-3D63CE872B57}.Release|x86.Build.0 = Release|Win32
		{B0B876B4-D87A-44EE-903A-4ADABA4B03EC}.Debug|x64.ActiveCfg = Debug|x64
		{B0B876B4-D87A-44EE-903A-4ADABA4B03EC}.Debug|x64.Build.0 = Debug|x64
		{B0B876B4-D87A-44EE-903A-4ADABA4B03EC}.Debug|x86.ActiveCfg = Debug|Win32
		{B0B876B4-D87A-44EE-903A-4ADABA4B03EC}.Debug|x86.Build.0 = Debug|Win32
		{B0B876B4-D87A-44EE-903A-4ADABA4B03EC}.Release|x64.ActiveCfg = Release|x64
		{B0B876B4-D87A-44EE-903A-4ADABA4B03EC}.Release|x64.Build.0 = Release|x64
		{B0B876B4-D87A-44EE-903A-4ADABA4B03EC}.Release|x86.ActiveCfg = Release|Win32
		{B0B876B4-D87A-44EE-903A-4ADABA4B03EC}.Release|x86.Build.0 = Release|Win32
		{671B8830-7360-4C18-94A0-8BBA4E12B3B2}.Debug|x64.ActiveCfg = Debug|x64
		{671B8830-7360-4C18-94A0-8BBA4E12B3B2}.Debug|x64.Build.0 = Debug|x64
		{671B8830-7360-4C18-94A0-8BBA4E12B3B2}.Debug|x86.ActiveCfg = Debug|Win32
		{671B8830-7360-4C18-94A0-8BBA4E12B3B2}.Debug|x86.Build.0 = Debug|Win32
		{671B8830-7360-4C18-94A0-8BBA4E12B3B2}.Release|x64.ActiveCfg = Release|x64
		{671B8830-7360-4C18-94A0-8BBA4E12B3B2}.Release|x64.Build.0 = Release|x64
		{671B8830-7360-4C18-94A0-8BBA4E12B3B2}.Release|x86.ActiveCfg = Release|Win32
		{671B8830-7360-4C18-94A0-8BBA4E12B3B2}.Release|x86.Build.0 = Release|Win32
		{F95AADCF-BF5B-47C8-A93C-32A6D8EAEB76}.Debug|x64.ActiveCfg = Debug|x64
		{F95AADCF-BF5B-47C8-A93C-32A6D8EAEB76}.Debug|x64.Build.0 = Debug|x64
		{F95AADCF-BF5B-47C8-A93C-32A6D8EAEB76}.Debug|x86.ActiveCfg = Debug|Win32
		{F95AADCF-BF5B-47C8-A93C-32A6D8EAEB76}.Debug|x86.Build.0 = Debug|Win32
		{F95AADCF-BF5B-47C8-A93C-32A6D8EAEB76}.Release|x64.ActiveCfg = Release|x64
		{F95AADCF-BF5B-47C8-A93C-32A6D8EAEB76}.Release|x64.Build.0 = Release|x64
		{F95AADCF-BF5B-47C8-A93C-32A6D8EAEB76}.Release|x86.ActiveCfg = Release|Win32
		{F95AADCF-BF5B-47C8-A93C-32A6D8EAEB76}.Release|x86.Build.0 = Release|Win32
		{4E8561B6-AD83-4D00-AB4B-48A3A0FDE01D}.Debug|x64.ActiveCfg = Debug|x64
		{4E8561B6-AD83-4D00-AB4B-48A3A0FDE01D}.Debug|x64.Build.0 = Debug|x64
		{4E8561B6-AD83-4D00-AB4B-48A3A0FDE01D}.Debug|x86.ActiveCfg = Debug|Win32
		{4E8561B6-AD83-4D00-AB4B-48A3A0FDE01D}.Debug|x86.Build.0 = Debug|Win32
		{4E8561B6-AD83-4D00-AB4B-48A3A0FDE01D}.Release|x64.ActiveCfg = Release|x64
		{4E8561B6-AD83-4D00-AB4B-48A3A0FDE01D}.Release|x64.Build.0 = Release|x64
		{4E8561B6-AD83-4D00-AB4B-48A3A0FDE01D}.Release|x86.ActiveCfg = Release|Win32
		{4E8561B6-AD83-4D00-AB4B-48A3A0FDE01D}.Release|x86.Build.0 = Release|Win32
	EndGlobalSection
	GlobalSection(SolutionProperties) = preSolution
		HideSolutionNode = FALSE
	EndGlobalSection
	GlobalSection(ExtensibilityGlobals) = postSolution
		SolutionGuid = {6EA1002C-180B-47AA-B49B-6B0F0453F436}
	EndGlobalSection
EndGlobal
